// !$*UTF8*$!
{
	archiveVersion = 1;
	classes = {
	};
	objectVersion = 46;
	objects = {

/* Begin PBXBuildFile section */
		1C0F9BF81E341DAC003CD118 /* README.md in Sources */ = {isa = PBXBuildFile; fileRef = 1C0F9BF71E341DAC003CD118 /* README.md */; };
		1C1566FD1E26543C009F98AF /* CourseDataItemStore.swift in Sources */ = {isa = PBXBuildFile; fileRef = 1C1566FC1E26543C009F98AF /* CourseDataItemStore.swift */; };
		1C1567011E26AD16009F98AF /* TableCellName.swift in Sources */ = {isa = PBXBuildFile; fileRef = 1C1567001E26AD16009F98AF /* TableCellName.swift */; };
		1C1567031E26AE10009F98AF /* TableCellYear.swift in Sources */ = {isa = PBXBuildFile; fileRef = 1C1567021E26AE10009F98AF /* TableCellYear.swift */; };
		1C1567051E26AE67009F98AF /* TableCellTime.swift in Sources */ = {isa = PBXBuildFile; fileRef = 1C1567041E26AE67009F98AF /* TableCellTime.swift */; };
		1C1567071E26AEDA009F98AF /* TableCellDescription.swift in Sources */ = {isa = PBXBuildFile; fileRef = 1C1567061E26AEDA009F98AF /* TableCellDescription.swift */; };
		1C1567091E26AF36009F98AF /* TableCellTeacher.swift in Sources */ = {isa = PBXBuildFile; fileRef = 1C1567081E26AF36009F98AF /* TableCellTeacher.swift */; };
		1C15670B1E26AFAC009F98AF /* TableCellBooks.swift in Sources */ = {isa = PBXBuildFile; fileRef = 1C15670A1E26AFAC009F98AF /* TableCellBooks.swift */; };
		1C16763C1E1B8F02007F448E /* RightSideViewController.swift in Sources */ = {isa = PBXBuildFile; fileRef = 1C16763B1E1B8F02007F448E /* RightSideViewController.swift */; };
		1C183C431E3A678E0077E507 /* NotificationCenter.framework in Frameworks */ = {isa = PBXBuildFile; fileRef = 1C183C421E3A678E0077E507 /* NotificationCenter.framework */; };
		1C183C461E3A678E0077E507 /* TodayViewController.swift in Sources */ = {isa = PBXBuildFile; fileRef = 1C183C451E3A678E0077E507 /* TodayViewController.swift */; };
		1C183C491E3A678E0077E507 /* MainInterface.storyboard in Resources */ = {isa = PBXBuildFile; fileRef = 1C183C471E3A678E0077E507 /* MainInterface.storyboard */; };
		1C183C4D1E3A678E0077E507 /* ClassScheduleWidget.appex in Embed App Extensions */ = {isa = PBXBuildFile; fileRef = 1C183C411E3A678E0077E507 /* ClassScheduleWidget.appex */; settings = {ATTRIBUTES = (RemoveHeadersOnCopy, ); }; };
		1C2AB5041E23975300858533 /* CourseDataItem.swift in Sources */ = {isa = PBXBuildFile; fileRef = 1C2AB5031E23975300858533 /* CourseDataItem.swift */; };
		1C36AF2D1E31302900C88DEB /* Book.swift in Sources */ = {isa = PBXBuildFile; fileRef = 1C36AF2C1E31302900C88DEB /* Book.swift */; };
		1C36AF311E31400500C88DEB /* BooksTableViewController.swift in Sources */ = {isa = PBXBuildFile; fileRef = 1C36AF301E31400500C88DEB /* BooksTableViewController.swift */; };
		1C36AF331E31405F00C88DEB /* BooksCell.swift in Sources */ = {isa = PBXBuildFile; fileRef = 1C36AF321E31405F00C88DEB /* BooksCell.swift */; };
		1C4675821E54CC3100D43252 /* MyScheduleTableViewCell.swift in Sources */ = {isa = PBXBuildFile; fileRef = 1C4675811E54CC3100D43252 /* MyScheduleTableViewCell.swift */; };
		1C4675831E55548900D43252 /* UserSavedClasses.xcdatamodeld in Sources */ = {isa = PBXBuildFile; fileRef = 1CB4D7F41E3BC37B00675048 /* UserSavedClasses.xcdatamodeld */; };
		1C4675871E55572A00D43252 /* CoursesInTerms.swift in Sources */ = {isa = PBXBuildFile; fileRef = 1C4675861E55572A00D43252 /* CoursesInTerms.swift */; };
		1C4675891E55585A00D43252 /* CoreDataManager.swift in Sources */ = {isa = PBXBuildFile; fileRef = 1C4675881E55585A00D43252 /* CoreDataManager.swift */; };
		1C46758D1E5614AD00D43252 /* TeacherDetailController.swift in Sources */ = {isa = PBXBuildFile; fileRef = 1C46758C1E5614AD00D43252 /* TeacherDetailController.swift */; };
		1C4E9FA91E1022E1008E5725 /* MyScheduleViewController.swift in Sources */ = {isa = PBXBuildFile; fileRef = 1C4E9FA81E1022E1008E5725 /* MyScheduleViewController.swift */; };
		1C4E9FAB1E102301008E5725 /* LinksTableViewController.swift in Sources */ = {isa = PBXBuildFile; fileRef = 1C4E9FAA1E102301008E5725 /* LinksTableViewController.swift */; };
		1C794F0C1E15481A00307F3A /* CourseDictionary.swift in Sources */ = {isa = PBXBuildFile; fileRef = 1C794F0B1E15481A00307F3A /* CourseDictionary.swift */; };
		1C91B51B1E7F147B00F8C4BA /* GoogleService-Info.plist in Resources */ = {isa = PBXBuildFile; fileRef = 1C91B51A1E7F147B00F8C4BA /* GoogleService-Info.plist */; };
		1C91B51C1E7F147B00F8C4BA /* GoogleService-Info.plist in Resources */ = {isa = PBXBuildFile; fileRef = 1C91B51A1E7F147B00F8C4BA /* GoogleService-Info.plist */; };
		1C91B51E1E803B8800F8C4BA /* FirebaseService.swift in Sources */ = {isa = PBXBuildFile; fileRef = 1C91B51D1E803B8800F8C4BA /* FirebaseService.swift */; };
		1CB4D7F61E3BC37B00675048 /* UserSavedClasses.xcdatamodeld in Sources */ = {isa = PBXBuildFile; fileRef = 1CB4D7F41E3BC37B00675048 /* UserSavedClasses.xcdatamodeld */; };
		1CB4D8351E3D254600675048 /* MyClassesViewController.swift in Sources */ = {isa = PBXBuildFile; fileRef = 1CB4D8341E3D254600675048 /* MyClassesViewController.swift */; };
		1CB4D8371E3DB83B00675048 /* MyClassesCell.swift in Sources */ = {isa = PBXBuildFile; fileRef = 1CB4D8361E3DB83B00675048 /* MyClassesCell.swift */; };
		1CB4D8391E4107BD00675048 /* BooksAmazonPageController.swift in Sources */ = {isa = PBXBuildFile; fileRef = 1CB4D8381E4107BD00675048 /* BooksAmazonPageController.swift */; };
		1CB4D83B1E47B60100675048 /* CoursesStruct.swift in Sources */ = {isa = PBXBuildFile; fileRef = 1CB4D83A1E47B60100675048 /* CoursesStruct.swift */; };
		1CB4D83D1E47D61600675048 /* MyClassesCellHeader.swift in Sources */ = {isa = PBXBuildFile; fileRef = 1CB4D83C1E47D61600675048 /* MyClassesCellHeader.swift */; };
		1CB4D83F1E4BD72600675048 /* Colors.swift in Sources */ = {isa = PBXBuildFile; fileRef = 1CB4D83E1E4BD72600675048 /* Colors.swift */; };
		1CD5CE1D1E136B7F0014D330 /* LeftSideViewController.swift in Sources */ = {isa = PBXBuildFile; fileRef = 1CD5CE1B1E136B7F0014D330 /* LeftSideViewController.swift */; };
		1CD5CE1E1E136B7F0014D330 /* LeftSideTableViewCell.swift in Sources */ = {isa = PBXBuildFile; fileRef = 1CD5CE1C1E136B7F0014D330 /* LeftSideTableViewCell.swift */; };
		1CD5CE241E13E1980014D330 /* FileUtil.swift in Sources */ = {isa = PBXBuildFile; fileRef = 1CD5CE231E13E1980014D330 /* FileUtil.swift */; };
		1CD5CE281E13F7DD0014D330 /* Data.txt in Resources */ = {isa = PBXBuildFile; fileRef = 1CD5CE271E13F7DD0014D330 /* Data.txt */; };
		1CD5CE2C1E1402F40014D330 /* StreamReader.swift in Sources */ = {isa = PBXBuildFile; fileRef = 1CD5CE2B1E1402F40014D330 /* StreamReader.swift */; };
		1CE3B9321E1F41AA00116E84 /* RightSideTableViewCell.swift in Sources */ = {isa = PBXBuildFile; fileRef = 1CE3B9311E1F41AA00116E84 /* RightSideTableViewCell.swift */; };
		1CE3B9341E1FFFC200116E84 /* RightSideTableViewHistoryCell.swift in Sources */ = {isa = PBXBuildFile; fileRef = 1CE3B9331E1FFFC200116E84 /* RightSideTableViewHistoryCell.swift */; };
		1CE666551E592EFF007C7E1F /* Teacher.swift in Sources */ = {isa = PBXBuildFile; fileRef = 1CE666541E592EFF007C7E1F /* Teacher.swift */; };
		1CE666571E5E25AA007C7E1F /* TeacherDetailCellPicture.swift in Sources */ = {isa = PBXBuildFile; fileRef = 1CE666561E5E25AA007C7E1F /* TeacherDetailCellPicture.swift */; };
		1CE666591E5E25C7007C7E1F /* TeacherDetailCellAttribute.swift in Sources */ = {isa = PBXBuildFile; fileRef = 1CE666581E5E25C7007C7E1F /* TeacherDetailCellAttribute.swift */; };
		1CE6665B1E5E25EC007C7E1F /* TeacherDetailCellName.swift in Sources */ = {isa = PBXBuildFile; fileRef = 1CE6665A1E5E25EC007C7E1F /* TeacherDetailCellName.swift */; };
		1CE6665D1E5E2605007C7E1F /* TeacherDetailCellRating.swift in Sources */ = {isa = PBXBuildFile; fileRef = 1CE6665C1E5E2605007C7E1F /* TeacherDetailCellRating.swift */; };
		1CE666611E6F20B1007C7E1F /* LinksTableCell.swift in Sources */ = {isa = PBXBuildFile; fileRef = 1CE666601E6F20B1007C7E1F /* LinksTableCell.swift */; };
		1CEB42DA1E0999DF00B36E9C /* AppDelegate.swift in Sources */ = {isa = PBXBuildFile; fileRef = 1CEB42D91E0999DF00B36E9C /* AppDelegate.swift */; };
		1CEB42DC1E0999DF00B36E9C /* ViewController.swift in Sources */ = {isa = PBXBuildFile; fileRef = 1CEB42DB1E0999DF00B36E9C /* ViewController.swift */; };
		1CEB42DF1E0999DF00B36E9C /* Main.storyboard in Resources */ = {isa = PBXBuildFile; fileRef = 1CEB42DD1E0999DF00B36E9C /* Main.storyboard */; };
		1CEB42E11E0999DF00B36E9C /* Assets.xcassets in Resources */ = {isa = PBXBuildFile; fileRef = 1CEB42E01E0999DF00B36E9C /* Assets.xcassets */; };
		1CEB42E41E0999DF00B36E9C /* LaunchScreen.storyboard in Resources */ = {isa = PBXBuildFile; fileRef = 1CEB42E21E0999DF00B36E9C /* LaunchScreen.storyboard */; };
		1CEB42EF1E0999DF00B36E9C /* BrandeisClassSearchIPHONETests.swift in Sources */ = {isa = PBXBuildFile; fileRef = 1CEB42EE1E0999DF00B36E9C /* BrandeisClassSearchIPHONETests.swift */; };
		1CEB42FA1E0999DF00B36E9C /* BrandeisClassSearchIPHONEUITests.swift in Sources */ = {isa = PBXBuildFile; fileRef = 1CEB42F91E0999DF00B36E9C /* BrandeisClassSearchIPHONEUITests.swift */; };
		1CEEE6AF1E2DEBDD00F18871 /* TableCellWaiting.swift in Sources */ = {isa = PBXBuildFile; fileRef = 1CEEE6AE1E2DEBDD00F18871 /* TableCellWaiting.swift */; };
		CADF4F2F29399704DC1950AA /* Pods_BrandeisClassSearchIPHONEUITests.framework in Frameworks */ = {isa = PBXBuildFile; fileRef = EEA362DE75372F026D432E87 /* Pods_BrandeisClassSearchIPHONEUITests.framework */; };
		CBF67A130AD3ED5A2408BFA3 /* Pods_BrandeisClassSearchIPHONE.framework in Frameworks */ = {isa = PBXBuildFile; fileRef = 17078B5EEA301E6383B64169 /* Pods_BrandeisClassSearchIPHONE.framework */; };
		FBB1C9AACBC8E305D3B10CEB /* Pods_BrandeisClassSearchIPHONETests.framework in Frameworks */ = {isa = PBXBuildFile; fileRef = 49F64FDE5412E370772261AA /* Pods_BrandeisClassSearchIPHONETests.framework */; };
/* End PBXBuildFile section */

/* Begin PBXContainerItemProxy section */
		1C183C4B1E3A678E0077E507 /* PBXContainerItemProxy */ = {
			isa = PBXContainerItemProxy;
			containerPortal = 1CEB42CE1E0999DF00B36E9C /* Project object */;
			proxyType = 1;
			remoteGlobalIDString = 1C183C401E3A678E0077E507;
			remoteInfo = ClassScheduleWidget;
		};
		1CEB42EB1E0999DF00B36E9C /* PBXContainerItemProxy */ = {
			isa = PBXContainerItemProxy;
			containerPortal = 1CEB42CE1E0999DF00B36E9C /* Project object */;
			proxyType = 1;
			remoteGlobalIDString = 1CEB42D51E0999DF00B36E9C;
			remoteInfo = BrandeisClassSearchIPHONE;
		};
		1CEB42F61E0999DF00B36E9C /* PBXContainerItemProxy */ = {
			isa = PBXContainerItemProxy;
			containerPortal = 1CEB42CE1E0999DF00B36E9C /* Project object */;
			proxyType = 1;
			remoteGlobalIDString = 1CEB42D51E0999DF00B36E9C;
			remoteInfo = BrandeisClassSearchIPHONE;
		};
/* End PBXContainerItemProxy section */

/* Begin PBXCopyFilesBuildPhase section */
		1C183C511E3A678E0077E507 /* Embed App Extensions */ = {
			isa = PBXCopyFilesBuildPhase;
			buildActionMask = 2147483647;
			dstPath = "";
			dstSubfolderSpec = 13;
			files = (
				1C183C4D1E3A678E0077E507 /* ClassScheduleWidget.appex in Embed App Extensions */,
			);
			name = "Embed App Extensions";
			runOnlyForDeploymentPostprocessing = 0;
		};
/* End PBXCopyFilesBuildPhase section */

/* Begin PBXFileReference section */
		17078B5EEA301E6383B64169 /* Pods_BrandeisClassSearchIPHONE.framework */ = {isa = PBXFileReference; explicitFileType = wrapper.framework; includeInIndex = 0; path = Pods_BrandeisClassSearchIPHONE.framework; sourceTree = BUILT_PRODUCTS_DIR; };
		1C0F9BF71E341DAC003CD118 /* README.md */ = {isa = PBXFileReference; fileEncoding = 4; lastKnownFileType = net.daringfireball.markdown; path = README.md; sourceTree = "<group>"; };
		1C1566FC1E26543C009F98AF /* CourseDataItemStore.swift */ = {isa = PBXFileReference; fileEncoding = 4; lastKnownFileType = sourcecode.swift; path = CourseDataItemStore.swift; sourceTree = "<group>"; };
		1C1567001E26AD16009F98AF /* TableCellName.swift */ = {isa = PBXFileReference; fileEncoding = 4; lastKnownFileType = sourcecode.swift; path = TableCellName.swift; sourceTree = "<group>"; };
		1C1567021E26AE10009F98AF /* TableCellYear.swift */ = {isa = PBXFileReference; fileEncoding = 4; lastKnownFileType = sourcecode.swift; path = TableCellYear.swift; sourceTree = "<group>"; };
		1C1567041E26AE67009F98AF /* TableCellTime.swift */ = {isa = PBXFileReference; fileEncoding = 4; lastKnownFileType = sourcecode.swift; path = TableCellTime.swift; sourceTree = "<group>"; };
		1C1567061E26AEDA009F98AF /* TableCellDescription.swift */ = {isa = PBXFileReference; fileEncoding = 4; lastKnownFileType = sourcecode.swift; path = TableCellDescription.swift; sourceTree = "<group>"; };
		1C1567081E26AF36009F98AF /* TableCellTeacher.swift */ = {isa = PBXFileReference; fileEncoding = 4; lastKnownFileType = sourcecode.swift; name = TableCellTeacher.swift; path = BrandeisClassSearchIPHONE/MainTableCells/TableCellTeacher/TableCellTeacher.swift; sourceTree = SOURCE_ROOT; };
		1C15670A1E26AFAC009F98AF /* TableCellBooks.swift */ = {isa = PBXFileReference; fileEncoding = 4; lastKnownFileType = sourcecode.swift; path = TableCellBooks.swift; sourceTree = "<group>"; };
		1C16763B1E1B8F02007F448E /* RightSideViewController.swift */ = {isa = PBXFileReference; fileEncoding = 4; lastKnownFileType = sourcecode.swift; name = RightSideViewController.swift; path = "/Users/rozoalex/Desktop/BrandeisClassSearchIPHONE copy/BrandeisClassSearchIPHONE/RightLeftDrawerControllers/RightSideViewController.swift"; sourceTree = "<absolute>"; };
		1C183C411E3A678E0077E507 /* ClassScheduleWidget.appex */ = {isa = PBXFileReference; explicitFileType = "wrapper.app-extension"; includeInIndex = 0; path = ClassScheduleWidget.appex; sourceTree = BUILT_PRODUCTS_DIR; };
		1C183C421E3A678E0077E507 /* NotificationCenter.framework */ = {isa = PBXFileReference; lastKnownFileType = wrapper.framework; name = NotificationCenter.framework; path = System/Library/Frameworks/NotificationCenter.framework; sourceTree = SDKROOT; };
		1C183C451E3A678E0077E507 /* TodayViewController.swift */ = {isa = PBXFileReference; lastKnownFileType = sourcecode.swift; path = TodayViewController.swift; sourceTree = "<group>"; };
		1C183C481E3A678E0077E507 /* Base */ = {isa = PBXFileReference; lastKnownFileType = file.storyboard; name = Base; path = Base.lproj/MainInterface.storyboard; sourceTree = "<group>"; };
		1C183C4A1E3A678E0077E507 /* Info.plist */ = {isa = PBXFileReference; lastKnownFileType = text.plist.xml; path = Info.plist; sourceTree = "<group>"; };
		1C2AB5031E23975300858533 /* CourseDataItem.swift */ = {isa = PBXFileReference; fileEncoding = 4; lastKnownFileType = sourcecode.swift; path = CourseDataItem.swift; sourceTree = "<group>"; };
		1C36AF2C1E31302900C88DEB /* Book.swift */ = {isa = PBXFileReference; fileEncoding = 4; lastKnownFileType = sourcecode.swift; path = Book.swift; sourceTree = "<group>"; };
		1C36AF301E31400500C88DEB /* BooksTableViewController.swift */ = {isa = PBXFileReference; fileEncoding = 4; lastKnownFileType = sourcecode.swift; path = BooksTableViewController.swift; sourceTree = "<group>"; };
		1C36AF321E31405F00C88DEB /* BooksCell.swift */ = {isa = PBXFileReference; fileEncoding = 4; lastKnownFileType = sourcecode.swift; path = BooksCell.swift; sourceTree = "<group>"; };
		1C4675811E54CC3100D43252 /* MyScheduleTableViewCell.swift */ = {isa = PBXFileReference; fileEncoding = 4; lastKnownFileType = sourcecode.swift; path = MyScheduleTableViewCell.swift; sourceTree = "<group>"; };
		1C4675861E55572A00D43252 /* CoursesInTerms.swift */ = {isa = PBXFileReference; fileEncoding = 4; lastKnownFileType = sourcecode.swift; path = CoursesInTerms.swift; sourceTree = "<group>"; };
		1C4675881E55585A00D43252 /* CoreDataManager.swift */ = {isa = PBXFileReference; fileEncoding = 4; lastKnownFileType = sourcecode.swift; path = CoreDataManager.swift; sourceTree = "<group>"; };
		1C46758C1E5614AD00D43252 /* TeacherDetailController.swift */ = {isa = PBXFileReference; fileEncoding = 4; lastKnownFileType = sourcecode.swift; path = TeacherDetailController.swift; sourceTree = "<group>"; };
		1C4E9FA81E1022E1008E5725 /* MyScheduleViewController.swift */ = {isa = PBXFileReference; fileEncoding = 4; lastKnownFileType = sourcecode.swift; path = MyScheduleViewController.swift; sourceTree = "<group>"; };
		1C4E9FAA1E102301008E5725 /* LinksTableViewController.swift */ = {isa = PBXFileReference; fileEncoding = 4; lastKnownFileType = sourcecode.swift; path = LinksTableViewController.swift; sourceTree = "<group>"; };
		1C794F0B1E15481A00307F3A /* CourseDictionary.swift */ = {isa = PBXFileReference; fileEncoding = 4; lastKnownFileType = sourcecode.swift; path = CourseDictionary.swift; sourceTree = "<group>"; };
		1C91B51A1E7F147B00F8C4BA /* GoogleService-Info.plist */ = {isa = PBXFileReference; fileEncoding = 4; lastKnownFileType = text.plist.xml; path = "GoogleService-Info.plist"; sourceTree = "<group>"; };
		1C91B51D1E803B8800F8C4BA /* FirebaseService.swift */ = {isa = PBXFileReference; fileEncoding = 4; lastKnownFileType = sourcecode.swift; path = FirebaseService.swift; sourceTree = "<group>"; };
		1CA4DA896B0CF1F68EDA05F8 /* Pods-BrandeisClassSearchIPHONETests.release.xcconfig */ = {isa = PBXFileReference; includeInIndex = 1; lastKnownFileType = text.xcconfig; name = "Pods-BrandeisClassSearchIPHONETests.release.xcconfig"; path = "Pods/Target Support Files/Pods-BrandeisClassSearchIPHONETests/Pods-BrandeisClassSearchIPHONETests.release.xcconfig"; sourceTree = "<group>"; };
		1CB4D7F51E3BC37B00675048 /* UserSavedClasses.xcdatamodel */ = {isa = PBXFileReference; lastKnownFileType = wrapper.xcdatamodel; path = UserSavedClasses.xcdatamodel; sourceTree = "<group>"; };
		1CB4D8341E3D254600675048 /* MyClassesViewController.swift */ = {isa = PBXFileReference; fileEncoding = 4; lastKnownFileType = sourcecode.swift; path = MyClassesViewController.swift; sourceTree = "<group>"; };
		1CB4D8361E3DB83B00675048 /* MyClassesCell.swift */ = {isa = PBXFileReference; fileEncoding = 4; lastKnownFileType = sourcecode.swift; path = MyClassesCell.swift; sourceTree = "<group>"; };
		1CB4D8381E4107BD00675048 /* BooksAmazonPageController.swift */ = {isa = PBXFileReference; fileEncoding = 4; lastKnownFileType = sourcecode.swift; path = BooksAmazonPageController.swift; sourceTree = "<group>"; };
		1CB4D83A1E47B60100675048 /* CoursesStruct.swift */ = {isa = PBXFileReference; fileEncoding = 4; lastKnownFileType = sourcecode.swift; path = CoursesStruct.swift; sourceTree = "<group>"; };
		1CB4D83C1E47D61600675048 /* MyClassesCellHeader.swift */ = {isa = PBXFileReference; fileEncoding = 4; lastKnownFileType = sourcecode.swift; path = MyClassesCellHeader.swift; sourceTree = "<group>"; };
		1CB4D83E1E4BD72600675048 /* Colors.swift */ = {isa = PBXFileReference; fileEncoding = 4; lastKnownFileType = sourcecode.swift; path = Colors.swift; sourceTree = "<group>"; };
		1CD5CE1B1E136B7F0014D330 /* LeftSideViewController.swift */ = {isa = PBXFileReference; fileEncoding = 4; lastKnownFileType = sourcecode.swift; path = LeftSideViewController.swift; sourceTree = "<group>"; };
		1CD5CE1C1E136B7F0014D330 /* LeftSideTableViewCell.swift */ = {isa = PBXFileReference; fileEncoding = 4; lastKnownFileType = sourcecode.swift; path = LeftSideTableViewCell.swift; sourceTree = "<group>"; };
		1CD5CE231E13E1980014D330 /* FileUtil.swift */ = {isa = PBXFileReference; fileEncoding = 4; lastKnownFileType = sourcecode.swift; path = FileUtil.swift; sourceTree = "<group>"; };
		1CD5CE271E13F7DD0014D330 /* Data.txt */ = {isa = PBXFileReference; fileEncoding = 4; lastKnownFileType = text; path = Data.txt; sourceTree = "<group>"; };
		1CD5CE2B1E1402F40014D330 /* StreamReader.swift */ = {isa = PBXFileReference; fileEncoding = 4; lastKnownFileType = sourcecode.swift; path = StreamReader.swift; sourceTree = "<group>"; };
		1CE3B9311E1F41AA00116E84 /* RightSideTableViewCell.swift */ = {isa = PBXFileReference; fileEncoding = 4; lastKnownFileType = sourcecode.swift; path = RightSideTableViewCell.swift; sourceTree = "<group>"; };
		1CE3B9331E1FFFC200116E84 /* RightSideTableViewHistoryCell.swift */ = {isa = PBXFileReference; fileEncoding = 4; lastKnownFileType = sourcecode.swift; path = RightSideTableViewHistoryCell.swift; sourceTree = "<group>"; };
		1CE666541E592EFF007C7E1F /* Teacher.swift */ = {isa = PBXFileReference; fileEncoding = 4; lastKnownFileType = sourcecode.swift; path = Teacher.swift; sourceTree = "<group>"; };
		1CE666561E5E25AA007C7E1F /* TeacherDetailCellPicture.swift */ = {isa = PBXFileReference; fileEncoding = 4; lastKnownFileType = sourcecode.swift; path = TeacherDetailCellPicture.swift; sourceTree = "<group>"; };
		1CE666581E5E25C7007C7E1F /* TeacherDetailCellAttribute.swift */ = {isa = PBXFileReference; fileEncoding = 4; lastKnownFileType = sourcecode.swift; path = TeacherDetailCellAttribute.swift; sourceTree = "<group>"; };
		1CE6665A1E5E25EC007C7E1F /* TeacherDetailCellName.swift */ = {isa = PBXFileReference; fileEncoding = 4; lastKnownFileType = sourcecode.swift; path = TeacherDetailCellName.swift; sourceTree = "<group>"; };
		1CE6665C1E5E2605007C7E1F /* TeacherDetailCellRating.swift */ = {isa = PBXFileReference; fileEncoding = 4; lastKnownFileType = sourcecode.swift; path = TeacherDetailCellRating.swift; sourceTree = "<group>"; };
		1CE666601E6F20B1007C7E1F /* LinksTableCell.swift */ = {isa = PBXFileReference; fileEncoding = 4; lastKnownFileType = sourcecode.swift; path = LinksTableCell.swift; sourceTree = "<group>"; };
		1CEB42D61E0999DF00B36E9C /* BrandeisClassSearchIPHONE.app */ = {isa = PBXFileReference; explicitFileType = wrapper.application; includeInIndex = 0; path = BrandeisClassSearchIPHONE.app; sourceTree = BUILT_PRODUCTS_DIR; };
		1CEB42D91E0999DF00B36E9C /* AppDelegate.swift */ = {isa = PBXFileReference; lastKnownFileType = sourcecode.swift; path = AppDelegate.swift; sourceTree = "<group>"; };
		1CEB42DB1E0999DF00B36E9C /* ViewController.swift */ = {isa = PBXFileReference; lastKnownFileType = sourcecode.swift; path = ViewController.swift; sourceTree = "<group>"; };
		1CEB42DE1E0999DF00B36E9C /* Base */ = {isa = PBXFileReference; lastKnownFileType = file.storyboard; name = Base; path = Base.lproj/Main.storyboard; sourceTree = "<group>"; };
		1CEB42E01E0999DF00B36E9C /* Assets.xcassets */ = {isa = PBXFileReference; lastKnownFileType = folder.assetcatalog; path = Assets.xcassets; sourceTree = "<group>"; };
		1CEB42E31E0999DF00B36E9C /* Base */ = {isa = PBXFileReference; lastKnownFileType = file.storyboard; name = Base; path = Base.lproj/LaunchScreen.storyboard; sourceTree = "<group>"; };
		1CEB42E51E0999DF00B36E9C /* Info.plist */ = {isa = PBXFileReference; lastKnownFileType = text.plist.xml; path = Info.plist; sourceTree = "<group>"; };
		1CEB42EA1E0999DF00B36E9C /* BrandeisClassSearchIPHONETests.xctest */ = {isa = PBXFileReference; explicitFileType = wrapper.cfbundle; includeInIndex = 0; path = BrandeisClassSearchIPHONETests.xctest; sourceTree = BUILT_PRODUCTS_DIR; };
		1CEB42EE1E0999DF00B36E9C /* BrandeisClassSearchIPHONETests.swift */ = {isa = PBXFileReference; lastKnownFileType = sourcecode.swift; path = BrandeisClassSearchIPHONETests.swift; sourceTree = "<group>"; };
		1CEB42F01E0999DF00B36E9C /* Info.plist */ = {isa = PBXFileReference; lastKnownFileType = text.plist.xml; path = Info.plist; sourceTree = "<group>"; };
		1CEB42F51E0999DF00B36E9C /* BrandeisClassSearchIPHONEUITests.xctest */ = {isa = PBXFileReference; explicitFileType = wrapper.cfbundle; includeInIndex = 0; path = BrandeisClassSearchIPHONEUITests.xctest; sourceTree = BUILT_PRODUCTS_DIR; };
		1CEB42F91E0999DF00B36E9C /* BrandeisClassSearchIPHONEUITests.swift */ = {isa = PBXFileReference; lastKnownFileType = sourcecode.swift; path = BrandeisClassSearchIPHONEUITests.swift; sourceTree = "<group>"; };
		1CEB42FB1E0999DF00B36E9C /* Info.plist */ = {isa = PBXFileReference; lastKnownFileType = text.plist.xml; path = Info.plist; sourceTree = "<group>"; };
		1CEEE6AE1E2DEBDD00F18871 /* TableCellWaiting.swift */ = {isa = PBXFileReference; fileEncoding = 4; lastKnownFileType = sourcecode.swift; path = TableCellWaiting.swift; sourceTree = "<group>"; };
		1F8B39A1D3BA249EEE79DC8D /* Pods-BrandeisClassSearchIPHONE.debug.xcconfig */ = {isa = PBXFileReference; includeInIndex = 1; lastKnownFileType = text.xcconfig; name = "Pods-BrandeisClassSearchIPHONE.debug.xcconfig"; path = "Pods/Target Support Files/Pods-BrandeisClassSearchIPHONE/Pods-BrandeisClassSearchIPHONE.debug.xcconfig"; sourceTree = "<group>"; };
		49F64FDE5412E370772261AA /* Pods_BrandeisClassSearchIPHONETests.framework */ = {isa = PBXFileReference; explicitFileType = wrapper.framework; includeInIndex = 0; path = Pods_BrandeisClassSearchIPHONETests.framework; sourceTree = BUILT_PRODUCTS_DIR; };
		9878B8F46A797F68A62A7987 /* Pods-BrandeisClassSearchIPHONEUITests.debug.xcconfig */ = {isa = PBXFileReference; includeInIndex = 1; lastKnownFileType = text.xcconfig; name = "Pods-BrandeisClassSearchIPHONEUITests.debug.xcconfig"; path = "Pods/Target Support Files/Pods-BrandeisClassSearchIPHONEUITests/Pods-BrandeisClassSearchIPHONEUITests.debug.xcconfig"; sourceTree = "<group>"; };
		D0507A9136A5F6E4780B8FCF /* Pods-BrandeisClassSearchIPHONEUITests.release.xcconfig */ = {isa = PBXFileReference; includeInIndex = 1; lastKnownFileType = text.xcconfig; name = "Pods-BrandeisClassSearchIPHONEUITests.release.xcconfig"; path = "Pods/Target Support Files/Pods-BrandeisClassSearchIPHONEUITests/Pods-BrandeisClassSearchIPHONEUITests.release.xcconfig"; sourceTree = "<group>"; };
		E14C883776C48C014EF6CB34 /* Pods-BrandeisClassSearchIPHONE.release.xcconfig */ = {isa = PBXFileReference; includeInIndex = 1; lastKnownFileType = text.xcconfig; name = "Pods-BrandeisClassSearchIPHONE.release.xcconfig"; path = "Pods/Target Support Files/Pods-BrandeisClassSearchIPHONE/Pods-BrandeisClassSearchIPHONE.release.xcconfig"; sourceTree = "<group>"; };
		ED458FA28FFF29B0E01F6C90 /* Pods-BrandeisClassSearchIPHONETests.debug.xcconfig */ = {isa = PBXFileReference; includeInIndex = 1; lastKnownFileType = text.xcconfig; name = "Pods-BrandeisClassSearchIPHONETests.debug.xcconfig"; path = "Pods/Target Support Files/Pods-BrandeisClassSearchIPHONETests/Pods-BrandeisClassSearchIPHONETests.debug.xcconfig"; sourceTree = "<group>"; };
		EEA362DE75372F026D432E87 /* Pods_BrandeisClassSearchIPHONEUITests.framework */ = {isa = PBXFileReference; explicitFileType = wrapper.framework; includeInIndex = 0; path = Pods_BrandeisClassSearchIPHONEUITests.framework; sourceTree = BUILT_PRODUCTS_DIR; };
/* End PBXFileReference section */

/* Begin PBXFrameworksBuildPhase section */
		1C183C3E1E3A678E0077E507 /* Frameworks */ = {
			isa = PBXFrameworksBuildPhase;
			buildActionMask = 2147483647;
			files = (
				1C183C431E3A678E0077E507 /* NotificationCenter.framework in Frameworks */,
			);
			runOnlyForDeploymentPostprocessing = 0;
		};
		1CEB42D31E0999DF00B36E9C /* Frameworks */ = {
			isa = PBXFrameworksBuildPhase;
			buildActionMask = 2147483647;
			files = (
				CBF67A130AD3ED5A2408BFA3 /* Pods_BrandeisClassSearchIPHONE.framework in Frameworks */,
			);
			runOnlyForDeploymentPostprocessing = 0;
		};
		1CEB42E71E0999DF00B36E9C /* Frameworks */ = {
			isa = PBXFrameworksBuildPhase;
			buildActionMask = 2147483647;
			files = (
				FBB1C9AACBC8E305D3B10CEB /* Pods_BrandeisClassSearchIPHONETests.framework in Frameworks */,
			);
			runOnlyForDeploymentPostprocessing = 0;
		};
		1CEB42F21E0999DF00B36E9C /* Frameworks */ = {
			isa = PBXFrameworksBuildPhase;
			buildActionMask = 2147483647;
			files = (
				CADF4F2F29399704DC1950AA /* Pods_BrandeisClassSearchIPHONEUITests.framework in Frameworks */,
			);
			runOnlyForDeploymentPostprocessing = 0;
		};
/* End PBXFrameworksBuildPhase section */

/* Begin PBXGroup section */
		1C1676401E1B8F66007F448E /* RightLeftDrawerControllers */ = {
			isa = PBXGroup;
			children = (
				1CD5CE1B1E136B7F0014D330 /* LeftSideViewController.swift */,
				1CD5CE1C1E136B7F0014D330 /* LeftSideTableViewCell.swift */,
				1C16763B1E1B8F02007F448E /* RightSideViewController.swift */,
				1CE3B9311E1F41AA00116E84 /* RightSideTableViewCell.swift */,
				1CE3B9331E1FFFC200116E84 /* RightSideTableViewHistoryCell.swift */,
			);
			path = RightLeftDrawerControllers;
			sourceTree = "<group>";
		};
		1C16E7E21E12979B0045CED5 /* MainTableCells */ = {
			isa = PBXGroup;
			children = (
				1C46758B1E5613F500D43252 /* TableCellTeacher */,
				1C36AF2F1E313FC900C88DEB /* TableCellBooksTable */,
				1C1567001E26AD16009F98AF /* TableCellName.swift */,
				1C1567021E26AE10009F98AF /* TableCellYear.swift */,
				1C1567041E26AE67009F98AF /* TableCellTime.swift */,
				1C1567061E26AEDA009F98AF /* TableCellDescription.swift */,
				1C15670A1E26AFAC009F98AF /* TableCellBooks.swift */,
				1CEEE6AE1E2DEBDD00F18871 /* TableCellWaiting.swift */,
			);
			path = MainTableCells;
			sourceTree = "<group>";
		};
		1C16E7E31E1297DA0045CED5 /* DataSource */ = {
			isa = PBXGroup;
			children = (
				1C46759C1E5672D200D43252 /* CoreDataManager */,
				1C46759B1E56728600D43252 /* CourseDataStructForMyClass */,
				1C46759A1E56723300D43252 /* CourseDataStructForMainList */,
				1C4675991E5671DD00D43252 /* CourseDatabase */,
				1C4675981E5671C800D43252 /* utils */,
			);
			path = DataSource;
			sourceTree = "<group>";
		};
		1C183C441E3A678E0077E507 /* ClassScheduleWidget */ = {
			isa = PBXGroup;
			children = (
				1C183C451E3A678E0077E507 /* TodayViewController.swift */,
				1C183C471E3A678E0077E507 /* MainInterface.storyboard */,
				1C91B51A1E7F147B00F8C4BA /* GoogleService-Info.plist */,
				1C183C4A1E3A678E0077E507 /* Info.plist */,
			);
			path = ClassScheduleWidget;
			sourceTree = "<group>";
		};
		1C36AF2F1E313FC900C88DEB /* TableCellBooksTable */ = {
			isa = PBXGroup;
			children = (
				1C36AF301E31400500C88DEB /* BooksTableViewController.swift */,
				1C36AF321E31405F00C88DEB /* BooksCell.swift */,
				1CB4D8381E4107BD00675048 /* BooksAmazonPageController.swift */,
			);
			path = TableCellBooksTable;
			sourceTree = "<group>";
		};
		1C46758B1E5613F500D43252 /* TableCellTeacher */ = {
			isa = PBXGroup;
			children = (
				1C1567081E26AF36009F98AF /* TableCellTeacher.swift */,
				1CE6665E1E5E261A007C7E1F /* TableDetail */,
			);
			path = TableCellTeacher;
			sourceTree = "<group>";
		};
		1C4675981E5671C800D43252 /* utils */ = {
			isa = PBXGroup;
			children = (
				1CD5CE231E13E1980014D330 /* FileUtil.swift */,
				1CB4D83E1E4BD72600675048 /* Colors.swift */,
				1CD5CE2B1E1402F40014D330 /* StreamReader.swift */,
			);
			name = utils;
			sourceTree = "<group>";
		};
		1C4675991E5671DD00D43252 /* CourseDatabase */ = {
			isa = PBXGroup;
			children = (
				1C794F0B1E15481A00307F3A /* CourseDictionary.swift */,
				1C91B51D1E803B8800F8C4BA /* FirebaseService.swift */,
			);
			name = CourseDatabase;
			sourceTree = "<group>";
		};
		1C46759A1E56723300D43252 /* CourseDataStructForMainList */ = {
			isa = PBXGroup;
			children = (
				1C2AB5031E23975300858533 /* CourseDataItem.swift */,
				1C1566FC1E26543C009F98AF /* CourseDataItemStore.swift */,
				1C36AF2C1E31302900C88DEB /* Book.swift */,
				1CE666541E592EFF007C7E1F /* Teacher.swift */,
			);
			name = CourseDataStructForMainList;
			sourceTree = "<group>";
		};
		1C46759B1E56728600D43252 /* CourseDataStructForMyClass */ = {
			isa = PBXGroup;
			children = (
				1CB4D83A1E47B60100675048 /* CoursesStruct.swift */,
				1C4675861E55572A00D43252 /* CoursesInTerms.swift */,
			);
			name = CourseDataStructForMyClass;
			sourceTree = "<group>";
		};
		1C46759C1E5672D200D43252 /* CoreDataManager */ = {
			isa = PBXGroup;
			children = (
				1C4675881E55585A00D43252 /* CoreDataManager.swift */,
			);
			name = CoreDataManager;
			sourceTree = "<group>";
		};
		1C4E9FA51E102152008E5725 /* OtherViewControllers */ = {
			isa = PBXGroup;
			children = (
				1C4E9FA81E1022E1008E5725 /* MyScheduleViewController.swift */,
				1C4675811E54CC3100D43252 /* MyScheduleTableViewCell.swift */,
				1CE666621E6F20C1007C7E1F /* Links */,
				1CE6665F1E6F1DDB007C7E1F /* MyClasses */,
			);
			name = OtherViewControllers;
			path = OtherViewController;
			sourceTree = "<group>";
		};
		1CE6665E1E5E261A007C7E1F /* TableDetail */ = {
			isa = PBXGroup;
			children = (
				1C46758C1E5614AD00D43252 /* TeacherDetailController.swift */,
				1CE666561E5E25AA007C7E1F /* TeacherDetailCellPicture.swift */,
				1CE666581E5E25C7007C7E1F /* TeacherDetailCellAttribute.swift */,
				1CE6665A1E5E25EC007C7E1F /* TeacherDetailCellName.swift */,
				1CE6665C1E5E2605007C7E1F /* TeacherDetailCellRating.swift */,
			);
			name = TableDetail;
			sourceTree = "<group>";
		};
		1CE6665F1E6F1DDB007C7E1F /* MyClasses */ = {
			isa = PBXGroup;
			children = (
				1CB4D8341E3D254600675048 /* MyClassesViewController.swift */,
				1CB4D8361E3DB83B00675048 /* MyClassesCell.swift */,
				1CB4D83C1E47D61600675048 /* MyClassesCellHeader.swift */,
			);
			name = MyClasses;
			sourceTree = "<group>";
		};
		1CE666621E6F20C1007C7E1F /* Links */ = {
			isa = PBXGroup;
			children = (
				1CE666601E6F20B1007C7E1F /* LinksTableCell.swift */,
				1C4E9FAA1E102301008E5725 /* LinksTableViewController.swift */,
			);
			name = Links;
			sourceTree = "<group>";
		};
		1CEB42CD1E0999DF00B36E9C = {
			isa = PBXGroup;
			children = (
				1C0F9BF71E341DAC003CD118 /* README.md */,
				1CEB42D81E0999DF00B36E9C /* BrandeisClassSearchIPHONE */,
				1CEB42ED1E0999DF00B36E9C /* BrandeisClassSearchIPHONETests */,
				1CEB42F81E0999DF00B36E9C /* BrandeisClassSearchIPHONEUITests */,
				1C183C441E3A678E0077E507 /* ClassScheduleWidget */,
				1CEB42D71E0999DF00B36E9C /* Products */,
				A46D35921377404F82E12A7C /* Pods */,
				E19C01C6A2A609A2C52352E3 /* Frameworks */,
			);
			sourceTree = "<group>";
		};
		1CEB42D71E0999DF00B36E9C /* Products */ = {
			isa = PBXGroup;
			children = (
				1CEB42D61E0999DF00B36E9C /* BrandeisClassSearchIPHONE.app */,
				1CEB42EA1E0999DF00B36E9C /* BrandeisClassSearchIPHONETests.xctest */,
				1CEB42F51E0999DF00B36E9C /* BrandeisClassSearchIPHONEUITests.xctest */,
				1C183C411E3A678E0077E507 /* ClassScheduleWidget.appex */,
			);
			name = Products;
			sourceTree = "<group>";
		};
		1CEB42D81E0999DF00B36E9C /* BrandeisClassSearchIPHONE */ = {
			isa = PBXGroup;
			children = (
				1C16E7E31E1297DA0045CED5 /* DataSource */,
				1C16E7E21E12979B0045CED5 /* MainTableCells */,
				1C4E9FA51E102152008E5725 /* OtherViewControllers */,
				1C1676401E1B8F66007F448E /* RightLeftDrawerControllers */,
				1CEB42D91E0999DF00B36E9C /* AppDelegate.swift */,
				1CEB42DB1E0999DF00B36E9C /* ViewController.swift */,
				1CEB42DD1E0999DF00B36E9C /* Main.storyboard */,
				1CEB42E01E0999DF00B36E9C /* Assets.xcassets */,
				1CEB42E21E0999DF00B36E9C /* LaunchScreen.storyboard */,
				1CEB42E51E0999DF00B36E9C /* Info.plist */,
				1CB4D7F41E3BC37B00675048 /* UserSavedClasses.xcdatamodeld */,
				1CD5CE271E13F7DD0014D330 /* Data.txt */,
			);
			path = BrandeisClassSearchIPHONE;
			sourceTree = "<group>";
		};
		1CEB42ED1E0999DF00B36E9C /* BrandeisClassSearchIPHONETests */ = {
			isa = PBXGroup;
			children = (
				1CEB42EE1E0999DF00B36E9C /* BrandeisClassSearchIPHONETests.swift */,
				1CEB42F01E0999DF00B36E9C /* Info.plist */,
			);
			path = BrandeisClassSearchIPHONETests;
			sourceTree = "<group>";
		};
		1CEB42F81E0999DF00B36E9C /* BrandeisClassSearchIPHONEUITests */ = {
			isa = PBXGroup;
			children = (
				1CEB42F91E0999DF00B36E9C /* BrandeisClassSearchIPHONEUITests.swift */,
				1CEB42FB1E0999DF00B36E9C /* Info.plist */,
			);
			path = BrandeisClassSearchIPHONEUITests;
			sourceTree = "<group>";
		};
		A46D35921377404F82E12A7C /* Pods */ = {
			isa = PBXGroup;
			children = (
				1F8B39A1D3BA249EEE79DC8D /* Pods-BrandeisClassSearchIPHONE.debug.xcconfig */,
				E14C883776C48C014EF6CB34 /* Pods-BrandeisClassSearchIPHONE.release.xcconfig */,
				ED458FA28FFF29B0E01F6C90 /* Pods-BrandeisClassSearchIPHONETests.debug.xcconfig */,
				1CA4DA896B0CF1F68EDA05F8 /* Pods-BrandeisClassSearchIPHONETests.release.xcconfig */,
				9878B8F46A797F68A62A7987 /* Pods-BrandeisClassSearchIPHONEUITests.debug.xcconfig */,
				D0507A9136A5F6E4780B8FCF /* Pods-BrandeisClassSearchIPHONEUITests.release.xcconfig */,
			);
			name = Pods;
			sourceTree = "<group>";
		};
		E19C01C6A2A609A2C52352E3 /* Frameworks */ = {
			isa = PBXGroup;
			children = (
				17078B5EEA301E6383B64169 /* Pods_BrandeisClassSearchIPHONE.framework */,
				49F64FDE5412E370772261AA /* Pods_BrandeisClassSearchIPHONETests.framework */,
				EEA362DE75372F026D432E87 /* Pods_BrandeisClassSearchIPHONEUITests.framework */,
				1C183C421E3A678E0077E507 /* NotificationCenter.framework */,
			);
			name = Frameworks;
			sourceTree = "<group>";
		};
/* End PBXGroup section */

/* Begin PBXNativeTarget section */
		1C183C401E3A678E0077E507 /* ClassScheduleWidget */ = {
			isa = PBXNativeTarget;
			buildConfigurationList = 1C183C501E3A678E0077E507 /* Build configuration list for PBXNativeTarget "ClassScheduleWidget" */;
			buildPhases = (
				1C183C3D1E3A678E0077E507 /* Sources */,
				1C183C3E1E3A678E0077E507 /* Frameworks */,
				1C183C3F1E3A678E0077E507 /* Resources */,
			);
			buildRules = (
			);
			dependencies = (
			);
			name = ClassScheduleWidget;
			productName = ClassScheduleWidget;
			productReference = 1C183C411E3A678E0077E507 /* ClassScheduleWidget.appex */;
			productType = "com.apple.product-type.app-extension";
		};
		1CEB42D51E0999DF00B36E9C /* BrandeisClassSearchIPHONE */ = {
			isa = PBXNativeTarget;
			buildConfigurationList = 1CEB42FE1E0999DF00B36E9C /* Build configuration list for PBXNativeTarget "BrandeisClassSearchIPHONE" */;
			buildPhases = (
				4C63A69416EFFEE992C21574 /* [CP] Check Pods Manifest.lock */,
				1CEB42D21E0999DF00B36E9C /* Sources */,
				1CEB42D31E0999DF00B36E9C /* Frameworks */,
				1CEB42D41E0999DF00B36E9C /* Resources */,
				97F97AC3C36CAA0F259C706F /* [CP] Embed Pods Frameworks */,
				A6667D2526F3CCB8E38DE997 /* [CP] Copy Pods Resources */,
				1C183C511E3A678E0077E507 /* Embed App Extensions */,
			);
			buildRules = (
			);
			dependencies = (
				1C183C4C1E3A678E0077E507 /* PBXTargetDependency */,
			);
			name = BrandeisClassSearchIPHONE;
			productName = BrandeisClassSearchIPHONE;
			productReference = 1CEB42D61E0999DF00B36E9C /* BrandeisClassSearchIPHONE.app */;
			productType = "com.apple.product-type.application";
		};
		1CEB42E91E0999DF00B36E9C /* BrandeisClassSearchIPHONETests */ = {
			isa = PBXNativeTarget;
			buildConfigurationList = 1CEB43011E0999DF00B36E9C /* Build configuration list for PBXNativeTarget "BrandeisClassSearchIPHONETests" */;
			buildPhases = (
				A0F6467DE664D289030D5772 /* [CP] Check Pods Manifest.lock */,
				1CEB42E61E0999DF00B36E9C /* Sources */,
				1CEB42E71E0999DF00B36E9C /* Frameworks */,
				1CEB42E81E0999DF00B36E9C /* Resources */,
				94BA1DE19F92560A5BC534CD /* [CP] Embed Pods Frameworks */,
				E0909191F5E936FFD2DC630C /* [CP] Copy Pods Resources */,
			);
			buildRules = (
			);
			dependencies = (
				1CEB42EC1E0999DF00B36E9C /* PBXTargetDependency */,
			);
			name = BrandeisClassSearchIPHONETests;
			productName = BrandeisClassSearchIPHONETests;
			productReference = 1CEB42EA1E0999DF00B36E9C /* BrandeisClassSearchIPHONETests.xctest */;
			productType = "com.apple.product-type.bundle.unit-test";
		};
		1CEB42F41E0999DF00B36E9C /* BrandeisClassSearchIPHONEUITests */ = {
			isa = PBXNativeTarget;
			buildConfigurationList = 1CEB43041E0999DF00B36E9C /* Build configuration list for PBXNativeTarget "BrandeisClassSearchIPHONEUITests" */;
			buildPhases = (
				795FD691E03E5790D0C2A370 /* [CP] Check Pods Manifest.lock */,
				1CEB42F11E0999DF00B36E9C /* Sources */,
				1CEB42F21E0999DF00B36E9C /* Frameworks */,
				1CEB42F31E0999DF00B36E9C /* Resources */,
				DA45750EE6C8C32631917AF0 /* [CP] Embed Pods Frameworks */,
				76CC1E2CFE4F616E4FF1F4AB /* [CP] Copy Pods Resources */,
			);
			buildRules = (
			);
			dependencies = (
				1CEB42F71E0999DF00B36E9C /* PBXTargetDependency */,
			);
			name = BrandeisClassSearchIPHONEUITests;
			productName = BrandeisClassSearchIPHONEUITests;
			productReference = 1CEB42F51E0999DF00B36E9C /* BrandeisClassSearchIPHONEUITests.xctest */;
			productType = "com.apple.product-type.bundle.ui-testing";
		};
/* End PBXNativeTarget section */

/* Begin PBXProject section */
		1CEB42CE1E0999DF00B36E9C /* Project object */ = {
			isa = PBXProject;
			attributes = {
				LastSwiftUpdateCheck = 0820;
				LastUpgradeCheck = 0820;
				ORGANIZATIONNAME = "Yuanze Hu";
				TargetAttributes = {
					1C183C401E3A678E0077E507 = {
						CreatedOnToolsVersion = 8.2.1;
						DevelopmentTeam = HCTJ7F8C95;
						ProvisioningStyle = Automatic;
					};
					1CEB42D51E0999DF00B36E9C = {
						CreatedOnToolsVersion = 8.2;
						DevelopmentTeam = HCTJ7F8C95;
						LastSwiftMigration = 0820;
						ProvisioningStyle = Automatic;
					};
					1CEB42E91E0999DF00B36E9C = {
						CreatedOnToolsVersion = 8.2;
						ProvisioningStyle = Automatic;
						TestTargetID = 1CEB42D51E0999DF00B36E9C;
					};
					1CEB42F41E0999DF00B36E9C = {
						CreatedOnToolsVersion = 8.2;
						ProvisioningStyle = Automatic;
						TestTargetID = 1CEB42D51E0999DF00B36E9C;
					};
				};
			};
			buildConfigurationList = 1CEB42D11E0999DF00B36E9C /* Build configuration list for PBXProject "BrandeisClassSearchIPHONE" */;
			compatibilityVersion = "Xcode 3.2";
			developmentRegion = English;
			hasScannedForEncodings = 0;
			knownRegions = (
				en,
				Base,
			);
			mainGroup = 1CEB42CD1E0999DF00B36E9C;
			productRefGroup = 1CEB42D71E0999DF00B36E9C /* Products */;
			projectDirPath = "";
			projectRoot = "";
			targets = (
				1CEB42D51E0999DF00B36E9C /* BrandeisClassSearchIPHONE */,
				1CEB42E91E0999DF00B36E9C /* BrandeisClassSearchIPHONETests */,
				1CEB42F41E0999DF00B36E9C /* BrandeisClassSearchIPHONEUITests */,
				1C183C401E3A678E0077E507 /* ClassScheduleWidget */,
			);
		};
/* End PBXProject section */

/* Begin PBXResourcesBuildPhase section */
		1C183C3F1E3A678E0077E507 /* Resources */ = {
			isa = PBXResourcesBuildPhase;
			buildActionMask = 2147483647;
			files = (
				1C183C491E3A678E0077E507 /* MainInterface.storyboard in Resources */,
				1C91B51C1E7F147B00F8C4BA /* GoogleService-Info.plist in Resources */,
			);
			runOnlyForDeploymentPostprocessing = 0;
		};
		1CEB42D41E0999DF00B36E9C /* Resources */ = {
			isa = PBXResourcesBuildPhase;
			buildActionMask = 2147483647;
			files = (
				1CD5CE281E13F7DD0014D330 /* Data.txt in Resources */,
				1CEB42E41E0999DF00B36E9C /* LaunchScreen.storyboard in Resources */,
				1C91B51B1E7F147B00F8C4BA /* GoogleService-Info.plist in Resources */,
				1CEB42E11E0999DF00B36E9C /* Assets.xcassets in Resources */,
				1CEB42DF1E0999DF00B36E9C /* Main.storyboard in Resources */,
			);
			runOnlyForDeploymentPostprocessing = 0;
		};
		1CEB42E81E0999DF00B36E9C /* Resources */ = {
			isa = PBXResourcesBuildPhase;
			buildActionMask = 2147483647;
			files = (
			);
			runOnlyForDeploymentPostprocessing = 0;
		};
		1CEB42F31E0999DF00B36E9C /* Resources */ = {
			isa = PBXResourcesBuildPhase;
			buildActionMask = 2147483647;
			files = (
			);
			runOnlyForDeploymentPostprocessing = 0;
		};
/* End PBXResourcesBuildPhase section */

/* Begin PBXShellScriptBuildPhase section */
		4C63A69416EFFEE992C21574 /* [CP] Check Pods Manifest.lock */ = {
			isa = PBXShellScriptBuildPhase;
			buildActionMask = 2147483647;
			files = (
			);
			inputPaths = (
			);
			name = "[CP] Check Pods Manifest.lock";
			outputPaths = (
			);
			runOnlyForDeploymentPostprocessing = 0;
			shellPath = /bin/sh;
			shellScript = "diff \"${PODS_ROOT}/../Podfile.lock\" \"${PODS_ROOT}/Manifest.lock\" > /dev/null\nif [ $? != 0 ] ; then\n    # print error to STDERR\n    echo \"error: The sandbox is not in sync with the Podfile.lock. Run 'pod install' or update your CocoaPods installation.\" >&2\n    exit 1\nfi\n";
			showEnvVarsInLog = 0;
		};
		76CC1E2CFE4F616E4FF1F4AB /* [CP] Copy Pods Resources */ = {
			isa = PBXShellScriptBuildPhase;
			buildActionMask = 2147483647;
			files = (
			);
			inputPaths = (
			);
			name = "[CP] Copy Pods Resources";
			outputPaths = (
			);
			runOnlyForDeploymentPostprocessing = 0;
			shellPath = /bin/sh;
			shellScript = "\"${SRCROOT}/Pods/Target Support Files/Pods-BrandeisClassSearchIPHONEUITests/Pods-BrandeisClassSearchIPHONEUITests-resources.sh\"\n";
			showEnvVarsInLog = 0;
		};
		795FD691E03E5790D0C2A370 /* [CP] Check Pods Manifest.lock */ = {
			isa = PBXShellScriptBuildPhase;
			buildActionMask = 2147483647;
			files = (
			);
			inputPaths = (
			);
			name = "[CP] Check Pods Manifest.lock";
			outputPaths = (
			);
			runOnlyForDeploymentPostprocessing = 0;
			shellPath = /bin/sh;
			shellScript = "diff \"${PODS_ROOT}/../Podfile.lock\" \"${PODS_ROOT}/Manifest.lock\" > /dev/null\nif [ $? != 0 ] ; then\n    # print error to STDERR\n    echo \"error: The sandbox is not in sync with the Podfile.lock. Run 'pod install' or update your CocoaPods installation.\" >&2\n    exit 1\nfi\n";
			showEnvVarsInLog = 0;
		};
		94BA1DE19F92560A5BC534CD /* [CP] Embed Pods Frameworks */ = {
			isa = PBXShellScriptBuildPhase;
			buildActionMask = 2147483647;
			files = (
			);
			inputPaths = (
			);
			name = "[CP] Embed Pods Frameworks";
			outputPaths = (
			);
			runOnlyForDeploymentPostprocessing = 0;
			shellPath = /bin/sh;
			shellScript = "\"${SRCROOT}/Pods/Target Support Files/Pods-BrandeisClassSearchIPHONETests/Pods-BrandeisClassSearchIPHONETests-frameworks.sh\"\n";
			showEnvVarsInLog = 0;
		};
		97F97AC3C36CAA0F259C706F /* [CP] Embed Pods Frameworks */ = {
			isa = PBXShellScriptBuildPhase;
			buildActionMask = 2147483647;
			files = (
			);
			inputPaths = (
			);
			name = "[CP] Embed Pods Frameworks";
			outputPaths = (
			);
			runOnlyForDeploymentPostprocessing = 0;
			shellPath = /bin/sh;
			shellScript = "\"${SRCROOT}/Pods/Target Support Files/Pods-BrandeisClassSearchIPHONE/Pods-BrandeisClassSearchIPHONE-frameworks.sh\"\n";
			showEnvVarsInLog = 0;
		};
		A0F6467DE664D289030D5772 /* [CP] Check Pods Manifest.lock */ = {
			isa = PBXShellScriptBuildPhase;
			buildActionMask = 2147483647;
			files = (
			);
			inputPaths = (
			);
			name = "[CP] Check Pods Manifest.lock";
			outputPaths = (
			);
			runOnlyForDeploymentPostprocessing = 0;
			shellPath = /bin/sh;
			shellScript = "diff \"${PODS_ROOT}/../Podfile.lock\" \"${PODS_ROOT}/Manifest.lock\" > /dev/null\nif [ $? != 0 ] ; then\n    # print error to STDERR\n    echo \"error: The sandbox is not in sync with the Podfile.lock. Run 'pod install' or update your CocoaPods installation.\" >&2\n    exit 1\nfi\n";
			showEnvVarsInLog = 0;
		};
		A6667D2526F3CCB8E38DE997 /* [CP] Copy Pods Resources */ = {
			isa = PBXShellScriptBuildPhase;
			buildActionMask = 2147483647;
			files = (
			);
			inputPaths = (
			);
			name = "[CP] Copy Pods Resources";
			outputPaths = (
			);
			runOnlyForDeploymentPostprocessing = 0;
			shellPath = /bin/sh;
			shellScript = "\"${SRCROOT}/Pods/Target Support Files/Pods-BrandeisClassSearchIPHONE/Pods-BrandeisClassSearchIPHONE-resources.sh\"\n";
			showEnvVarsInLog = 0;
		};
		DA45750EE6C8C32631917AF0 /* [CP] Embed Pods Frameworks */ = {
			isa = PBXShellScriptBuildPhase;
			buildActionMask = 2147483647;
			files = (
			);
			inputPaths = (
			);
			name = "[CP] Embed Pods Frameworks";
			outputPaths = (
			);
			runOnlyForDeploymentPostprocessing = 0;
			shellPath = /bin/sh;
			shellScript = "\"${SRCROOT}/Pods/Target Support Files/Pods-BrandeisClassSearchIPHONEUITests/Pods-BrandeisClassSearchIPHONEUITests-frameworks.sh\"\n";
			showEnvVarsInLog = 0;
		};
		E0909191F5E936FFD2DC630C /* [CP] Copy Pods Resources */ = {
			isa = PBXShellScriptBuildPhase;
			buildActionMask = 2147483647;
			files = (
			);
			inputPaths = (
			);
			name = "[CP] Copy Pods Resources";
			outputPaths = (
			);
			runOnlyForDeploymentPostprocessing = 0;
			shellPath = /bin/sh;
			shellScript = "\"${SRCROOT}/Pods/Target Support Files/Pods-BrandeisClassSearchIPHONETests/Pods-BrandeisClassSearchIPHONETests-resources.sh\"\n";
			showEnvVarsInLog = 0;
		};
/* End PBXShellScriptBuildPhase section */

/* Begin PBXSourcesBuildPhase section */
		1C183C3D1E3A678E0077E507 /* Sources */ = {
			isa = PBXSourcesBuildPhase;
			buildActionMask = 2147483647;
			files = (
				1C183C461E3A678E0077E507 /* TodayViewController.swift in Sources */,
				1C4675831E55548900D43252 /* UserSavedClasses.xcdatamodeld in Sources */,
			);
			runOnlyForDeploymentPostprocessing = 0;
		};
		1CEB42D21E0999DF00B36E9C /* Sources */ = {
			isa = PBXSourcesBuildPhase;
			buildActionMask = 2147483647;
			files = (
				1CE666611E6F20B1007C7E1F /* LinksTableCell.swift in Sources */,
				1CD5CE1D1E136B7F0014D330 /* LeftSideViewController.swift in Sources */,
				1C794F0C1E15481A00307F3A /* CourseDictionary.swift in Sources */,
				1C36AF311E31400500C88DEB /* BooksTableViewController.swift in Sources */,
				1C91B51E1E803B8800F8C4BA /* FirebaseService.swift in Sources */,
				1CB4D8391E4107BD00675048 /* BooksAmazonPageController.swift in Sources */,
				1C1567031E26AE10009F98AF /* TableCellYear.swift in Sources */,
				1C1567051E26AE67009F98AF /* TableCellTime.swift in Sources */,
				1CD5CE1E1E136B7F0014D330 /* LeftSideTableViewCell.swift in Sources */,
				1CB4D8371E3DB83B00675048 /* MyClassesCell.swift in Sources */,
				1CE666571E5E25AA007C7E1F /* TeacherDetailCellPicture.swift in Sources */,
				1C1567071E26AEDA009F98AF /* TableCellDescription.swift in Sources */,
				1CE666551E592EFF007C7E1F /* Teacher.swift in Sources */,
				1CEEE6AF1E2DEBDD00F18871 /* TableCellWaiting.swift in Sources */,
				1C36AF331E31405F00C88DEB /* BooksCell.swift in Sources */,
				1CE6665D1E5E2605007C7E1F /* TeacherDetailCellRating.swift in Sources */,
				1CEB42DC1E0999DF00B36E9C /* ViewController.swift in Sources */,
				1C4E9FA91E1022E1008E5725 /* MyScheduleViewController.swift in Sources */,
				1CE3B9321E1F41AA00116E84 /* RightSideTableViewCell.swift in Sources */,
				1C16763C1E1B8F02007F448E /* RightSideViewController.swift in Sources */,
				1C1567011E26AD16009F98AF /* TableCellName.swift in Sources */,
				1CE3B9341E1FFFC200116E84 /* RightSideTableViewHistoryCell.swift in Sources */,
				1CB4D83B1E47B60100675048 /* CoursesStruct.swift in Sources */,
				1C0F9BF81E341DAC003CD118 /* README.md in Sources */,
				1C4E9FAB1E102301008E5725 /* LinksTableViewController.swift in Sources */,
				1C1566FD1E26543C009F98AF /* CourseDataItemStore.swift in Sources */,
				1C2AB5041E23975300858533 /* CourseDataItem.swift in Sources */,
				1CD5CE2C1E1402F40014D330 /* StreamReader.swift in Sources */,
				1CB4D8351E3D254600675048 /* MyClassesViewController.swift in Sources */,
				1CB4D7F61E3BC37B00675048 /* UserSavedClasses.xcdatamodeld in Sources */,
				1C4675871E55572A00D43252 /* CoursesInTerms.swift in Sources */,
				1CB4D83F1E4BD72600675048 /* Colors.swift in Sources */,
				1C15670B1E26AFAC009F98AF /* TableCellBooks.swift in Sources */,
				1C4675821E54CC3100D43252 /* MyScheduleTableViewCell.swift in Sources */,
				1CD5CE241E13E1980014D330 /* FileUtil.swift in Sources */,
				1CB4D83D1E47D61600675048 /* MyClassesCellHeader.swift in Sources */,
				1C46758D1E5614AD00D43252 /* TeacherDetailController.swift in Sources */,
				1C36AF2D1E31302900C88DEB /* Book.swift in Sources */,
				1C1567091E26AF36009F98AF /* TableCellTeacher.swift in Sources */,
				1C4675891E55585A00D43252 /* CoreDataManager.swift in Sources */,
				1CEB42DA1E0999DF00B36E9C /* AppDelegate.swift in Sources */,
				1CE6665B1E5E25EC007C7E1F /* TeacherDetailCellName.swift in Sources */,
				1CE666591E5E25C7007C7E1F /* TeacherDetailCellAttribute.swift in Sources */,
			);
			runOnlyForDeploymentPostprocessing = 0;
		};
		1CEB42E61E0999DF00B36E9C /* Sources */ = {
			isa = PBXSourcesBuildPhase;
			buildActionMask = 2147483647;
			files = (
				1CEB42EF1E0999DF00B36E9C /* BrandeisClassSearchIPHONETests.swift in Sources */,
			);
			runOnlyForDeploymentPostprocessing = 0;
		};
		1CEB42F11E0999DF00B36E9C /* Sources */ = {
			isa = PBXSourcesBuildPhase;
			buildActionMask = 2147483647;
			files = (
				1CEB42FA1E0999DF00B36E9C /* BrandeisClassSearchIPHONEUITests.swift in Sources */,
			);
			runOnlyForDeploymentPostprocessing = 0;
		};
/* End PBXSourcesBuildPhase section */

/* Begin PBXTargetDependency section */
		1C183C4C1E3A678E0077E507 /* PBXTargetDependency */ = {
			isa = PBXTargetDependency;
			target = 1C183C401E3A678E0077E507 /* ClassScheduleWidget */;
			targetProxy = 1C183C4B1E3A678E0077E507 /* PBXContainerItemProxy */;
		};
		1CEB42EC1E0999DF00B36E9C /* PBXTargetDependency */ = {
			isa = PBXTargetDependency;
			target = 1CEB42D51E0999DF00B36E9C /* BrandeisClassSearchIPHONE */;
			targetProxy = 1CEB42EB1E0999DF00B36E9C /* PBXContainerItemProxy */;
		};
		1CEB42F71E0999DF00B36E9C /* PBXTargetDependency */ = {
			isa = PBXTargetDependency;
			target = 1CEB42D51E0999DF00B36E9C /* BrandeisClassSearchIPHONE */;
			targetProxy = 1CEB42F61E0999DF00B36E9C /* PBXContainerItemProxy */;
		};
/* End PBXTargetDependency section */

/* Begin PBXVariantGroup section */
		1C183C471E3A678E0077E507 /* MainInterface.storyboard */ = {
			isa = PBXVariantGroup;
			children = (
				1C183C481E3A678E0077E507 /* Base */,
			);
			name = MainInterface.storyboard;
			sourceTree = "<group>";
		};
		1CEB42DD1E0999DF00B36E9C /* Main.storyboard */ = {
			isa = PBXVariantGroup;
			children = (
				1CEB42DE1E0999DF00B36E9C /* Base */,
			);
			name = Main.storyboard;
			sourceTree = "<group>";
		};
		1CEB42E21E0999DF00B36E9C /* LaunchScreen.storyboard */ = {
			isa = PBXVariantGroup;
			children = (
				1CEB42E31E0999DF00B36E9C /* Base */,
			);
			name = LaunchScreen.storyboard;
			sourceTree = "<group>";
		};
/* End PBXVariantGroup section */

/* Begin XCBuildConfiguration section */
		1C183C4E1E3A678E0077E507 /* Debug */ = {
			isa = XCBuildConfiguration;
			buildSettings = {
				DEVELOPMENT_TEAM = HCTJ7F8C95;
				INFOPLIST_FILE = ClassScheduleWidget/Info.plist;
				LD_RUNPATH_SEARCH_PATHS = "$(inherited) @executable_path/Frameworks @executable_path/../../Frameworks";
				PRODUCT_BUNDLE_IDENTIFIER = com.rozoalex.BrandeisClassSearchIPHONE.ClassScheduleWidget;
				PRODUCT_NAME = "$(TARGET_NAME)";
				SKIP_INSTALL = YES;
				SWIFT_VERSION = 3.0;
				TARGETED_DEVICE_FAMILY = "1,2";
			};
			name = Debug;
		};
		1C183C4F1E3A678E0077E507 /* Release */ = {
			isa = XCBuildConfiguration;
			buildSettings = {
				DEVELOPMENT_TEAM = HCTJ7F8C95;
				INFOPLIST_FILE = ClassScheduleWidget/Info.plist;
				LD_RUNPATH_SEARCH_PATHS = "$(inherited) @executable_path/Frameworks @executable_path/../../Frameworks";
				PRODUCT_BUNDLE_IDENTIFIER = com.rozoalex.BrandeisClassSearchIPHONE.ClassScheduleWidget;
				PRODUCT_NAME = "$(TARGET_NAME)";
				SKIP_INSTALL = YES;
				SWIFT_VERSION = 3.0;
				TARGETED_DEVICE_FAMILY = "1,2";
			};
			name = Release;
		};
		1CEB42FC1E0999DF00B36E9C /* Debug */ = {
			isa = XCBuildConfiguration;
			buildSettings = {
				ALWAYS_SEARCH_USER_PATHS = NO;
				CLANG_ANALYZER_NONNULL = YES;
				CLANG_CXX_LANGUAGE_STANDARD = "gnu++0x";
				CLANG_CXX_LIBRARY = "libc++";
				CLANG_ENABLE_MODULES = YES;
				CLANG_ENABLE_OBJC_ARC = YES;
				CLANG_WARN_BOOL_CONVERSION = YES;
				CLANG_WARN_CONSTANT_CONVERSION = YES;
				CLANG_WARN_DIRECT_OBJC_ISA_USAGE = YES_ERROR;
				CLANG_WARN_DOCUMENTATION_COMMENTS = YES;
				CLANG_WARN_EMPTY_BODY = YES;
				CLANG_WARN_ENUM_CONVERSION = YES;
				CLANG_WARN_INFINITE_RECURSION = YES;
				CLANG_WARN_INT_CONVERSION = YES;
				CLANG_WARN_OBJC_ROOT_CLASS = YES_ERROR;
				CLANG_WARN_SUSPICIOUS_MOVE = YES;
				CLANG_WARN_UNREACHABLE_CODE = YES;
				CLANG_WARN__DUPLICATE_METHOD_MATCH = YES;
				"CODE_SIGN_IDENTITY[sdk=iphoneos*]" = "iPhone Developer";
				COPY_PHASE_STRIP = NO;
				DEBUG_INFORMATION_FORMAT = dwarf;
				ENABLE_STRICT_OBJC_MSGSEND = YES;
				ENABLE_TESTABILITY = YES;
				GCC_C_LANGUAGE_STANDARD = gnu99;
				GCC_DYNAMIC_NO_PIC = NO;
				GCC_NO_COMMON_BLOCKS = YES;
				GCC_OPTIMIZATION_LEVEL = 0;
				GCC_PREPROCESSOR_DEFINITIONS = (
					"DEBUG=1",
					"$(inherited)",
				);
				GCC_WARN_64_TO_32_BIT_CONVERSION = YES;
				GCC_WARN_ABOUT_RETURN_TYPE = YES_ERROR;
				GCC_WARN_UNDECLARED_SELECTOR = YES;
				GCC_WARN_UNINITIALIZED_AUTOS = YES_AGGRESSIVE;
				GCC_WARN_UNUSED_FUNCTION = YES;
				GCC_WARN_UNUSED_VARIABLE = YES;
				IPHONEOS_DEPLOYMENT_TARGET = 10.2;
				MTL_ENABLE_DEBUG_INFO = YES;
				ONLY_ACTIVE_ARCH = YES;
				SDKROOT = iphoneos;
				SWIFT_ACTIVE_COMPILATION_CONDITIONS = DEBUG;
				SWIFT_OPTIMIZATION_LEVEL = "-Onone";
			};
			name = Debug;
		};
		1CEB42FD1E0999DF00B36E9C /* Release */ = {
			isa = XCBuildConfiguration;
			buildSettings = {
				ALWAYS_SEARCH_USER_PATHS = NO;
				CLANG_ANALYZER_NONNULL = YES;
				CLANG_CXX_LANGUAGE_STANDARD = "gnu++0x";
				CLANG_CXX_LIBRARY = "libc++";
				CLANG_ENABLE_MODULES = YES;
				CLANG_ENABLE_OBJC_ARC = YES;
				CLANG_WARN_BOOL_CONVERSION = YES;
				CLANG_WARN_CONSTANT_CONVERSION = YES;
				CLANG_WARN_DIRECT_OBJC_ISA_USAGE = YES_ERROR;
				CLANG_WARN_DOCUMENTATION_COMMENTS = YES;
				CLANG_WARN_EMPTY_BODY = YES;
				CLANG_WARN_ENUM_CONVERSION = YES;
				CLANG_WARN_INFINITE_RECURSION = YES;
				CLANG_WARN_INT_CONVERSION = YES;
				CLANG_WARN_OBJC_ROOT_CLASS = YES_ERROR;
				CLANG_WARN_SUSPICIOUS_MOVE = YES;
				CLANG_WARN_UNREACHABLE_CODE = YES;
				CLANG_WARN__DUPLICATE_METHOD_MATCH = YES;
				"CODE_SIGN_IDENTITY[sdk=iphoneos*]" = "iPhone Developer";
				COPY_PHASE_STRIP = NO;
				DEBUG_INFORMATION_FORMAT = "dwarf-with-dsym";
				ENABLE_NS_ASSERTIONS = NO;
				ENABLE_STRICT_OBJC_MSGSEND = YES;
				GCC_C_LANGUAGE_STANDARD = gnu99;
				GCC_NO_COMMON_BLOCKS = YES;
				GCC_WARN_64_TO_32_BIT_CONVERSION = YES;
				GCC_WARN_ABOUT_RETURN_TYPE = YES_ERROR;
				GCC_WARN_UNDECLARED_SELECTOR = YES;
				GCC_WARN_UNINITIALIZED_AUTOS = YES_AGGRESSIVE;
				GCC_WARN_UNUSED_FUNCTION = YES;
				GCC_WARN_UNUSED_VARIABLE = YES;
				IPHONEOS_DEPLOYMENT_TARGET = 10.2;
				MTL_ENABLE_DEBUG_INFO = NO;
				SDKROOT = iphoneos;
				SWIFT_OPTIMIZATION_LEVEL = "-Owholemodule";
				VALIDATE_PRODUCT = YES;
			};
			name = Release;
		};
		1CEB42FF1E0999DF00B36E9C /* Debug */ = {
			isa = XCBuildConfiguration;
			baseConfigurationReference = 1F8B39A1D3BA249EEE79DC8D /* Pods-BrandeisClassSearchIPHONE.debug.xcconfig */;
			buildSettings = {
				ALWAYS_EMBED_SWIFT_STANDARD_LIBRARIES = YES;
				ASSETCATALOG_COMPILER_APPICON_NAME = AppIcon;
				CLANG_ENABLE_MODULES = YES;
				DEVELOPMENT_TEAM = HCTJ7F8C95;
				INFOPLIST_FILE = BrandeisClassSearchIPHONE/Info.plist;
				LD_RUNPATH_SEARCH_PATHS = "$(inherited) @executable_path/Frameworks";
				PRODUCT_BUNDLE_IDENTIFIER = com.rozoalex.BrandeisClassSearchIPHONE;
				PRODUCT_NAME = "$(TARGET_NAME)";
				SWIFT_INSTALL_OBJC_HEADER = YES;
				SWIFT_OBJC_BRIDGING_HEADER = "";
				SWIFT_OBJC_INTERFACE_HEADER_NAME = "";
				SWIFT_OPTIMIZATION_LEVEL = "-Onone";
				SWIFT_VERSION = 3.0;
			};
			name = Debug;
		};
		1CEB43001E0999DF00B36E9C /* Release */ = {
			isa = XCBuildConfiguration;
			baseConfigurationReference = E14C883776C48C014EF6CB34 /* Pods-BrandeisClassSearchIPHONE.release.xcconfig */;
			buildSettings = {
				ALWAYS_EMBED_SWIFT_STANDARD_LIBRARIES = YES;
				ASSETCATALOG_COMPILER_APPICON_NAME = AppIcon;
				CLANG_ENABLE_MODULES = YES;
				DEVELOPMENT_TEAM = HCTJ7F8C95;
				INFOPLIST_FILE = BrandeisClassSearchIPHONE/Info.plist;
				LD_RUNPATH_SEARCH_PATHS = "$(inherited) @executable_path/Frameworks";
				PRODUCT_BUNDLE_IDENTIFIER = com.rozoalex.BrandeisClassSearchIPHONE;
				PRODUCT_NAME = "$(TARGET_NAME)";
				SWIFT_INSTALL_OBJC_HEADER = YES;
				SWIFT_OBJC_BRIDGING_HEADER = "";
				SWIFT_OBJC_INTERFACE_HEADER_NAME = "";
				SWIFT_VERSION = 3.0;
			};
			name = Release;
		};
		1CEB43021E0999DF00B36E9C /* Debug */ = {
			isa = XCBuildConfiguration;
			baseConfigurationReference = ED458FA28FFF29B0E01F6C90 /* Pods-BrandeisClassSearchIPHONETests.debug.xcconfig */;
			buildSettings = {
				ALWAYS_EMBED_SWIFT_STANDARD_LIBRARIES = YES;
				BUNDLE_LOADER = "$(TEST_HOST)";
				INFOPLIST_FILE = BrandeisClassSearchIPHONETests/Info.plist;
				LD_RUNPATH_SEARCH_PATHS = "$(inherited) @executable_path/Frameworks @loader_path/Frameworks";
				PRODUCT_BUNDLE_IDENTIFIER = com.rozoalex.BrandeisClassSearchIPHONETests;
				PRODUCT_NAME = "$(TARGET_NAME)";
				SWIFT_VERSION = 3.0;
				TEST_HOST = "$(BUILT_PRODUCTS_DIR)/BrandeisClassSearchIPHONE.app/BrandeisClassSearchIPHONE";
			};
			name = Debug;
		};
		1CEB43031E0999DF00B36E9C /* Release */ = {
			isa = XCBuildConfiguration;
			baseConfigurationReference = 1CA4DA896B0CF1F68EDA05F8 /* Pods-BrandeisClassSearchIPHONETests.release.xcconfig */;
			buildSettings = {
				ALWAYS_EMBED_SWIFT_STANDARD_LIBRARIES = YES;
				BUNDLE_LOADER = "$(TEST_HOST)";
				INFOPLIST_FILE = BrandeisClassSearchIPHONETests/Info.plist;
				LD_RUNPATH_SEARCH_PATHS = "$(inherited) @executable_path/Frameworks @loader_path/Frameworks";
				PRODUCT_BUNDLE_IDENTIFIER = com.rozoalex.BrandeisClassSearchIPHONETests;
				PRODUCT_NAME = "$(TARGET_NAME)";
				SWIFT_VERSION = 3.0;
				TEST_HOST = "$(BUILT_PRODUCTS_DIR)/BrandeisClassSearchIPHONE.app/BrandeisClassSearchIPHONE";
			};
			name = Release;
		};
		1CEB43051E0999DF00B36E9C /* Debug */ = {
			isa = XCBuildConfiguration;
			baseConfigurationReference = 9878B8F46A797F68A62A7987 /* Pods-BrandeisClassSearchIPHONEUITests.debug.xcconfig */;
			buildSettings = {
				ALWAYS_EMBED_SWIFT_STANDARD_LIBRARIES = YES;
				INFOPLIST_FILE = BrandeisClassSearchIPHONEUITests/Info.plist;
				LD_RUNPATH_SEARCH_PATHS = "$(inherited) @executable_path/Frameworks @loader_path/Frameworks";
				PRODUCT_BUNDLE_IDENTIFIER = com.rozoalex.BrandeisClassSearchIPHONEUITests;
				PRODUCT_NAME = "$(TARGET_NAME)";
				SWIFT_VERSION = 3.0;
				TEST_TARGET_NAME = BrandeisClassSearchIPHONE;
			};
			name = Debug;
		};
		1CEB43061E0999DF00B36E9C /* Release */ = {
			isa = XCBuildConfiguration;
			baseConfigurationReference = D0507A9136A5F6E4780B8FCF /* Pods-BrandeisClassSearchIPHONEUITests.release.xcconfig */;
			buildSettings = {
				ALWAYS_EMBED_SWIFT_STANDARD_LIBRARIES = YES;
				INFOPLIST_FILE = BrandeisClassSearchIPHONEUITests/Info.plist;
				LD_RUNPATH_SEARCH_PATHS = "$(inherited) @executable_path/Frameworks @loader_path/Frameworks";
				PRODUCT_BUNDLE_IDENTIFIER = com.rozoalex.BrandeisClassSearchIPHONEUITests;
				PRODUCT_NAME = "$(TARGET_NAME)";
				SWIFT_VERSION = 3.0;
				TEST_TARGET_NAME = BrandeisClassSearchIPHONE;
			};
			name = Release;
		};
/* End XCBuildConfiguration section */

/* Begin XCConfigurationList section */
		1C183C501E3A678E0077E507 /* Build configuration list for PBXNativeTarget "ClassScheduleWidget" */ = {
			isa = XCConfigurationList;
			buildConfigurations = (
				1C183C4E1E3A678E0077E507 /* Debug */,
				1C183C4F1E3A678E0077E507 /* Release */,
			);
			defaultConfigurationIsVisible = 0;
			defaultConfigurationName = Release;
		};
		1CEB42D11E0999DF00B36E9C /* Build configuration list for PBXProject "BrandeisClassSearchIPHONE" */ = {
			isa = XCConfigurationList;
			buildConfigurations = (
				1CEB42FC1E0999DF00B36E9C /* Debug */,
				1CEB42FD1E0999DF00B36E9C /* Release */,
			);
			defaultConfigurationIsVisible = 0;
			defaultConfigurationName = Release;
		};
		1CEB42FE1E0999DF00B36E9C /* Build configuration list for PBXNativeTarget "BrandeisClassSearchIPHONE" */ = {
			isa = XCConfigurationList;
			buildConfigurations = (
				1CEB42FF1E0999DF00B36E9C /* Debug */,
				1CEB43001E0999DF00B36E9C /* Release */,
			);
			defaultConfigurationIsVisible = 0;
			defaultConfigurationName = Release;
		};
		1CEB43011E0999DF00B36E9C /* Build configuration list for PBXNativeTarget "BrandeisClassSearchIPHONETests" */ = {
			isa = XCConfigurationList;
			buildConfigurations = (
				1CEB43021E0999DF00B36E9C /* Debug */,
				1CEB43031E0999DF00B36E9C /* Release */,
			);
			defaultConfigurationIsVisible = 0;
			defaultConfigurationName = Release;
		};
		1CEB43041E0999DF00B36E9C /* Build configuration list for PBXNativeTarget "BrandeisClassSearchIPHONEUITests" */ = {
			isa = XCConfigurationList;
			buildConfigurations = (
				1CEB43051E0999DF00B36E9C /* Debug */,
				1CEB43061E0999DF00B36E9C /* Release */,
			);
			defaultConfigurationIsVisible = 0;
			defaultConfigurationName = Release;
		};
/* End XCConfigurationList section */

/* Begin XCVersionGroup section */
		1CB4D7F41E3BC37B00675048 /* UserSavedClasses.xcdatamodeld */ = {
			isa = XCVersionGroup;
			children = (
				1CB4D7F51E3BC37B00675048 /* UserSavedClasses.xcdatamodel */,
			);
			currentVersion = 1CB4D7F51E3BC37B00675048 /* UserSavedClasses.xcdatamodel */;
			path = UserSavedClasses.xcdatamodeld;
			sourceTree = "<group>";
			versionGroupType = wrapper.xcdatamodel;
		};
/* End XCVersionGroup section */
	};
	rootObject = 1CEB42CE1E0999DF00B36E9C /* Project object */;
}
